{
  "lockfile_version": "1",
  "packages": {
    "gcc@latest": {
      "last_modified": "2026-02-23T15:40:43Z",
      "resolved": "github:NixOS/nixpkgs/80d901ec0377e19ac3f7bb8c035201e2e098cc97#gcc",
      "source": "devbox-search",
      "version": "15.2.0",
      "systems": {
        "aarch64-darwin": {
          "outputs": [
            {
              "name": "out",
              "path": "/nix/store/ljjhqql9gdv64pwn08cmmkzjpkwkkgmc-gcc-wrapper-15.2.0",
              "default": true
            },
            {
              "name": "man",
              "path": "/nix/store/x3jrq5zaj6f8m2zk96m2r9bk61dcgw7l-gcc-wrapper-15.2.0-man",
              "default": true
            },
            {
              "name": "info",
              "path": "/nix/store/2lckjqhqbpzv4m6qycsyirzvcgkqwi62-gcc-wrapper-15.2.0-info"
            }
          ],
          "store_path": "/nix/store/ljjhqql9gdv64pwn08cmmkzjpkwkkgmc-gcc-wrapper-15.2.0"
        },
        "aarch64-linux": {
          "outputs": [
            {
              "name": "out",
              "path": "/nix/store/6hazq450ci6m382yq4ym8a6mbiv9mfsk-gcc-wrapper-15.2.0",
              "default": true
            },
            {
              "name": "man",
              "path": "/nix/store/y50lsbpbiy4wg5ccbbb68rabs2n3m69b-gcc-wrapper-15.2.0-man",
              "default": true
            },
            {
              "name": "info",
              "path": "/nix/store/0ps642kc7j7wg0bz3hb978plg16xfi7n-gcc-wrapper-15.2.0-info"
            }
          ],
          "store_path": "/nix/store/6hazq450ci6m382yq4ym8a6mbiv9mfsk-gcc-wrapper-15.2.0"
        },
        "x86_64-darwin": {
          "outputs": [
            {
              "name": "out",
              "path": "/nix/store/adhxk22r0v0jsm26z0hfrzznwix7l491-gcc-wrapper-15.2.0",
              "default": true
            },
            {
              "name": "man",
              "path": "/nix/store/gln5ld8gg6xfaczzyi84r586pwax8qz5-gcc-wrapper-15.2.0-man",
              "default": true
            },
            {
              "name": "info",
              "path": "/nix/store/a0c8viyq35k1lzx4w1g76kcxsjra5d9h-gcc-wrapper-15.2.0-info"
            }
          ],
          "store_path": "/nix/store/adhxk22r0v0jsm26z0hfrzznwix7l491-gcc-wrapper-15.2.0"
        },
        "x86_64-linux": {
          "outputs": [
            {
              "name": "out",
              "path": "/nix/store/kbw2j1vag664b3sj3rjwz9v53cqx87sb-gcc-wrapper-15.2.0",
              "default": true
            },
            {
              "name": "man",
              "path": "/nix/store/crcj0frpw4i8shmfwgyfx9fsqklf2iq5-gcc-wrapper-15.2.0-man",
              "default": true
            },
            {
              "name": "info",
              "path": "/nix/store/mj78x8b2vp0q9j6xf7bmvinn3m2csfhp-gcc-wrapper-15.2.0-info"
            }
          ],
          "store_path": "/nix/store/kbw2j1vag664b3sj3rjwz9v53cqx87sb-gcc-wrapper-15.2.0"
        }
      }
    },
    "github:NixOS/nixpkgs/nixpkgs-unstable": {
      "last_modified": "2026-03-05T18:52:33Z",
      "resolved": "github:NixOS/nixpkgs/917fec990948658ef1ccd07cef2a1ef060786846?lastModified=1772736753&narHash=sha256-au%2Fm3%2BEuBLoSzWUCb64a%2FMZq6QUtOV8oC0D9tY2scPQ%3D"
    },
    "nats-server@latest": {
      "last_modified": "2026-03-11T04:01:32Z",
      "resolved": "github:NixOS/nixpkgs/b6067cc0127d4db9c26c79e4de0513e58d0c40c9#nats-server",
      "source": "devbox-search",
      "version": "2.12.5",
      "systems": {
        "aarch64-darwin": {
          "outputs": [
            {
              "name": "out",
              "path": "/nix/store/asj3q61as7d8lgplw13n98gvpslihrkf-nats-server-2.12.5",
              "default": true
            }
          ],
          "store_path": "/nix/store/asj3q61as7d8lgplw13n98gvpslihrkf-nats-server-2.12.5"
        },
        "aarch64-linux": {
          "outputs": [
            {
              "name": "out",
              "path": "/nix/store/6syxh2vwksqp8g6v6vgy5dk6hbiw8yrx-nats-server-2.12.5",
              "default": true
            }
          ],
          "store_path": "/nix/store/6syxh2vwksqp8g6v6vgy5dk6hbiw8yrx-nats-server-2.12.5"
        },
        "x86_64-darwin": {
          "outputs": [
            {
              "name": "out",
              "path": "/nix/store/q3ni375kf2vxahy3jyj001x7w022ijg7-nats-server-2.12.5",
              "default": true
            }
          ],
          "store_path": "/nix/store/q3ni375kf2vxahy3jyj001x7w022ijg7-nats-server-2.12.5"
        },
        "x86_64-linux": {
          "outputs": [
            {
              "name": "out",
              "path": "/nix/store/0i24f9aa7ik4n0pvwkkqwpxjx5s073cz-nats-server-2.12.5",
              "default": true
            }
          ],
          "store_path": "/nix/store/0i24f9aa7ik4n0pvwkkqwpxjx5s073cz-nats-server-2.12.5"
        }
      }
    },
    "natscli@latest": {
      "last_modified": "2026-02-23T15:40:43Z",
      "resolved": "github:NixOS/nixpkgs/80d901ec0377e19ac3f7bb8c035201e2e098cc97#natscli",
      "source": "devbox-search",
      "version": "0.3.1",
      "systems": {
        "aarch64-darwin": {
          "outputs": [
            {
              "name": "out",
              "path": "/nix/store/zhiqq53vpghp3kg2j71i63isnf9vsda2-natscli-0.3.1",
              "default": true
            }
          ],
          "store_path": "/nix/store/zhiqq53vpghp3kg2j71i63isnf9vsda2-natscli-0.3.1"
        },
        "aarch64-linux": {
          "outputs": [
            {
              "name": "out",
              "path": "/nix/store/ns6fhcn88syrna0j439j7362jx72bqyh-natscli-0.3.1",
              "default": true
            }
          ],
          "store_path": "/nix/store/ns6fhcn88syrna0j439j7362jx72bqyh-natscli-0.3.1"
        },
        "x86_64-darwin": {
          "outputs": [
            {
              "name": "out",
              "path": "/nix/store/3qbj8m1inaw1s5d97qhz72dvsq029p92-natscli-0.3.1",
              "default": true
            }
          ],
          "store_path": "/nix/store/3qbj8m1inaw1s5d97qhz72dvsq029p92-natscli-0.3.1"
        },
        "x86_64-linux": {
          "outputs": [
            {
              "name": "out",
              "path": "/nix/store/idf3vmv5xd2ipxr1hs3ijvnz4z51m70s-natscli-0.3.1",
              "default": true
            }
          ],
          "store_path": "/nix/store/idf3vmv5xd2ipxr1hs3ijvnz4z51m70s-natscli-0.3.1"
        }
      }
    },
    "nodejs@latest": {
      "last_modified": "2026-03-11T12:14:37Z",
      "plugin_version": "0.0.2",
      "resolved": "github:NixOS/nixpkgs/75690239f08f885ca9b0267580101f60d10fbe62#nodejs_25",
      "source": "devbox-search",
      "version": "25.8.1",
      "systems": {
        "aarch64-darwin": {
          "outputs": [
            {
              "name": "out",
              "path": "/nix/store/yrpv6kp9hf97w5s12a63z8fh2hk80p16-nodejs-25.8.1",
              "default": true
            }
          ],
          "store_path": "/nix/store/yrpv6kp9hf97w5s12a63z8fh2hk80p16-nodejs-25.8.1"
        },
        "aarch64-linux": {
          "outputs": [
            {
              "name": "out",
              "path": "/nix/store/zra42xdwhjgrl4a6cqqxmzxf6mw4niq1-nodejs-25.8.1",
              "default": true
            }
          ],
          "store_path": "/nix/store/zra42xdwhjgrl4a6cqqxmzxf6mw4niq1-nodejs-25.8.1"
        },
        "x86_64-darwin": {
          "outputs": [
            {
              "name": "out",
              "path": "/nix/store/1q0myk74bxs9fcd5jk45j2fj52b8vga2-nodejs-25.8.1",
              "default": true
            }
          ],
          "store_path": "/nix/store/1q0myk74bxs9fcd5jk45j2fj52b8vga2-nodejs-25.8.1"
        },
        "x86_64-linux": {
          "outputs": [
            {
              "name": "out",
              "path": "/nix/store/ip73n7ivhhyrgjnv5xqx9jpf6pyy23br-nodejs-25.8.1",
              "default": true
            }
          ],
          "store_path": "/nix/store/ip73n7ivhhyrgjnv5xqx9jpf6pyy23br-nodejs-25.8.1"
        }
      }
    },
    "rust-analyzer@latest": {
      "last_modified": "2026-03-11T04:01:32Z",
      "resolved": "github:NixOS/nixpkgs/b6067cc0127d4db9c26c79e4de0513e58d0c40c9#rust-analyzer",
      "source": "devbox-search",
      "version": "2026-03-09",
      "systems": {
        "aarch64-darwin": {
          "outputs": [
            {
              "name": "out",
              "path": "/nix/store/qvk9lfbdjasqnihl58ds73mb7607yi7n-rust-analyzer-2026-03-09",
              "default": true
            }
          ],
          "store_path": "/nix/store/qvk9lfbdjasqnihl58ds73mb7607yi7n-rust-analyzer-2026-03-09"
        },
        "aarch64-linux": {
          "outputs": [
            {
              "name": "out",
              "path": "/nix/store/a3926lvn72wxrp8rzxmj6rdrhkmx9nqp-rust-analyzer-2026-03-09",
              "default": true
            }
          ],
          "store_path": "/nix/store/a3926lvn72wxrp8rzxmj6rdrhkmx9nqp-rust-analyzer-2026-03-09"
        },
        "x86_64-darwin": {
          "outputs": [
            {
              "name": "out",
              "path": "/nix/store/bhvkxljh0a1frari8sf36qf5jlq0x7fx-rust-analyzer-2026-03-09",
              "default": true
            }
          ],
          "store_path": "/nix/store/bhvkxljh0a1frari8sf36qf5jlq0x7fx-rust-analyzer-2026-03-09"
        },
        "x86_64-linux": {
          "outputs": [
            {
              "name": "out",
              "path": "/nix/store/ljwbyp5yhh6pxwnff3mlsqqf77xkk64v-rust-analyzer-2026-03-09",
              "default": true
            }
          ],
          "store_path": "/nix/store/ljwbyp5yhh6pxwnff3mlsqqf77xkk64v-rust-analyzer-2026-03-09"
        }
      }
    },
    "rustup@latest": {
      "last_modified": "2026-02-23T15:40:43Z",
      "plugin_version": "0.0.1",
      "resolved": "github:NixOS/nixpkgs/80d901ec0377e19ac3f7bb8c035201e2e098cc97#rustup",
      "source": "devbox-search",
      "version": "1.28.2",
      "systems": {
        "aarch64-darwin": {
          "outputs": [
            {
              "name": "out",
              "path": "/nix/store/6h6jsqm3jw1j4cyg7sfcfxaip9lqbwgw-rustup-1.28.2",
              "default": true
            }
          ],
          "store_path": "/nix/store/6h6jsqm3jw1j4cyg7sfcfxaip9lqbwgw-rustup-1.28.2"
        },
        "aarch64-linux": {
          "outputs": [
            {
              "name": "out",
              "path": "/nix/store/9cqn3746dv8zka9nknpqh9bnhg0nd8np-rustup-1.28.2",
              "default": true
            }
          ],
          "store_path": "/nix/store/9cqn3746dv8zka9nknpqh9bnhg0nd8np-rustup-1.28.2"
        },
        "x86_64-darwin": {
          "outputs": [
            {
              "name": "out",
              "path": "/nix/store/v4fbq8arr7jpahcqs0zy4f867b3frc6l-rustup-1.28.2",
              "default": true
            }
          ],
          "store_path": "/nix/store/v4fbq8arr7jpahcqs0zy4f867b3frc6l-rustup-1.28.2"
        },
        "x86_64-linux": {
          "outputs": [
            {
              "name": "out",
              "path": "/nix/store/17zvb7nfsz9x184ilpygcwrjc4hrcwjr-rustup-1.28.2",
              "default": true
            }
          ],
          "store_path": "/nix/store/17zvb7nfsz9x184ilpygcwrjc4hrcwjr-rustup-1.28.2"
        }
      }
    }
  }
}
